// !$*UTF8*$!
{
	archiveVersion = 1;
	classes = {
	};
	objectVersion = 55;
	objects = {

/* Begin PBXBuildFile section */
		0080A1B6F7435A7CC56F36D4 /* Pods_GoodRestaurantApp.framework in Frameworks */ = {isa = PBXBuildFile; fileRef = 00FE0448F63AA3E660492E2D /* Pods_GoodRestaurantApp.framework */; };
		3E3AD57F28B090B40010EACF /* MapVC.swift in Sources */ = {isa = PBXBuildFile; fileRef = 3E3AD57E28B090B40010EACF /* MapVC.swift */; };
		3E3AD58128B090F40010EACF /* MainCoordinator.swift in Sources */ = {isa = PBXBuildFile; fileRef = 3E3AD58028B090F40010EACF /* MainCoordinator.swift */; };
		3E3AD58528B09B6B0010EACF /* UIViewController + Extension.swift in Sources */ = {isa = PBXBuildFile; fileRef = 3E3AD58428B09B6B0010EACF /* UIViewController + Extension.swift */; };
		3E3AD58828B131F30010EACF /* BackgroundVC.swift in Sources */ = {isa = PBXBuildFile; fileRef = 3E3AD58728B131F30010EACF /* BackgroundVC.swift */; };
		3E3AD58A28B136520010EACF /* MapCoordinator.swift in Sources */ = {isa = PBXBuildFile; fileRef = 3E3AD58928B136520010EACF /* MapCoordinator.swift */; };
		3E64F41628E8273500D67255 /* TaskQueueScheduler.swift in Sources */ = {isa = PBXBuildFile; fileRef = 3E64F41528E8273500D67255 /* TaskQueueScheduler.swift */; };
		3E64F41828E827F200D67255 /* CoreInitTask.swift in Sources */ = {isa = PBXBuildFile; fileRef = 3E64F41728E827F200D67255 /* CoreInitTask.swift */; };
		3E64F41A28E8291700D67255 /* Task.swift in Sources */ = {isa = PBXBuildFile; fileRef = 3E64F41928E8291700D67255 /* Task.swift */; };
		3E64F41D28E8385D00D67255 /* RandomPictureVC.swift in Sources */ = {isa = PBXBuildFile; fileRef = 3E64F41C28E8385D00D67255 /* RandomPictureVC.swift */; };
		3E64F41F28E838B000D67255 /* RandomPictureCoordinator.swift in Sources */ = {isa = PBXBuildFile; fileRef = 3E64F41E28E838B000D67255 /* RandomPictureCoordinator.swift */; };
		3EBB21FD28AD0234008334EE /* AppDelegate.swift in Sources */ = {isa = PBXBuildFile; fileRef = 3EBB21FC28AD0234008334EE /* AppDelegate.swift */; };
		3EBB21FF28AD0234008334EE /* SceneDelegate.swift in Sources */ = {isa = PBXBuildFile; fileRef = 3EBB21FE28AD0234008334EE /* SceneDelegate.swift */; };
		3EBB220128AD0234008334EE /* MainVC.swift in Sources */ = {isa = PBXBuildFile; fileRef = 3EBB220028AD0234008334EE /* MainVC.swift */; };
		3EBB220728AD0234008334EE /* GoodRestaurantApp.xcdatamodeld in Sources */ = {isa = PBXBuildFile; fileRef = 3EBB220528AD0234008334EE /* GoodRestaurantApp.xcdatamodeld */; };
		3EBB220928AD0235008334EE /* Assets.xcassets in Resources */ = {isa = PBXBuildFile; fileRef = 3EBB220828AD0235008334EE /* Assets.xcassets */; };
		3EBB220C28AD0235008334EE /* LaunchScreen.storyboard in Resources */ = {isa = PBXBuildFile; fileRef = 3EBB220A28AD0235008334EE /* LaunchScreen.storyboard */; };
		3EBB221728AD0235008334EE /* GoodRestaurantAppTests.swift in Sources */ = {isa = PBXBuildFile; fileRef = 3EBB221628AD0235008334EE /* GoodRestaurantAppTests.swift */; };
		3EBB222128AD0235008334EE /* GoodRestaurantAppUITests.swift in Sources */ = {isa = PBXBuildFile; fileRef = 3EBB222028AD0235008334EE /* GoodRestaurantAppUITests.swift */; };
		3EBB222328AD0235008334EE /* GoodRestaurantAppUITestsLaunchTests.swift in Sources */ = {isa = PBXBuildFile; fileRef = 3EBB222228AD0235008334EE /* GoodRestaurantAppUITestsLaunchTests.swift */; };
		3EBE65AF28AD0D7700981C91 /* CoordinatorProtocol.swift in Sources */ = {isa = PBXBuildFile; fileRef = 3EBE65AE28AD0D7700981C91 /* CoordinatorProtocol.swift */; };
		4F5B9B77BE1825A95EEA0CC2 /* Pods_GoodRestaurantAppTests.framework in Frameworks */ = {isa = PBXBuildFile; fileRef = 792F3572EAE32F8CC22E510C /* Pods_GoodRestaurantAppTests.framework */; };
		DFA93C79ACAD20D8D89D2606 /* Pods_GoodRestaurantApp_GoodRestaurantAppUITests.framework in Frameworks */ = {isa = PBXBuildFile; fileRef = 6DD8401B1F717C8ADF4FE151 /* Pods_GoodRestaurantApp_GoodRestaurantAppUITests.framework */; };
/* End PBXBuildFile section */

/* Begin PBXContainerItemProxy section */
		3EBB221328AD0235008334EE /* PBXContainerItemProxy */ = {
			isa = PBXContainerItemProxy;
			containerPortal = 3EBB21F128AD0233008334EE /* Project object */;
			proxyType = 1;
			remoteGlobalIDString = 3EBB21F828AD0233008334EE;
			remoteInfo = GoodRestaurantApp;
		};
		3EBB221D28AD0235008334EE /* PBXContainerItemProxy */ = {
			isa = PBXContainerItemProxy;
			containerPortal = 3EBB21F128AD0233008334EE /* Project object */;
			proxyType = 1;
			remoteGlobalIDString = 3EBB21F828AD0233008334EE;
			remoteInfo = GoodRestaurantApp;
		};
/* End PBXContainerItemProxy section */

/* Begin PBXFileReference section */
		00FE0448F63AA3E660492E2D /* Pods_GoodRestaurantApp.framework */ = {isa = PBXFileReference; explicitFileType = wrapper.framework; includeInIndex = 0; path = Pods_GoodRestaurantApp.framework; sourceTree = BUILT_PRODUCTS_DIR; };
		3E3AD57E28B090B40010EACF /* MapVC.swift */ = {isa = PBXFileReference; lastKnownFileType = sourcecode.swift; path = MapVC.swift; sourceTree = "<group>"; };
		3E3AD58028B090F40010EACF /* MainCoordinator.swift */ = {isa = PBXFileReference; lastKnownFileType = sourcecode.swift; path = MainCoordinator.swift; sourceTree = "<group>"; };
		3E3AD58428B09B6B0010EACF /* UIViewController + Extension.swift */ = {isa = PBXFileReference; lastKnownFileType = sourcecode.swift; path = "UIViewController + Extension.swift"; sourceTree = "<group>"; };
		3E3AD58728B131F30010EACF /* BackgroundVC.swift */ = {isa = PBXFileReference; lastKnownFileType = sourcecode.swift; path = BackgroundVC.swift; sourceTree = "<group>"; };
		3E3AD58928B136520010EACF /* MapCoordinator.swift */ = {isa = PBXFileReference; lastKnownFileType = sourcecode.swift; path = MapCoordinator.swift; sourceTree = "<group>"; };
		3E64F41528E8273500D67255 /* TaskQueueScheduler.swift */ = {isa = PBXFileReference; lastKnownFileType = sourcecode.swift; path = TaskQueueScheduler.swift; sourceTree = "<group>"; };
		3E64F41728E827F200D67255 /* CoreInitTask.swift */ = {isa = PBXFileReference; lastKnownFileType = sourcecode.swift; path = CoreInitTask.swift; sourceTree = "<group>"; };
		3E64F41928E8291700D67255 /* Task.swift */ = {isa = PBXFileReference; lastKnownFileType = sourcecode.swift; path = Task.swift; sourceTree = "<group>"; };
		3E64F41C28E8385D00D67255 /* RandomPictureVC.swift */ = {isa = PBXFileReference; lastKnownFileType = sourcecode.swift; path = RandomPictureVC.swift; sourceTree = "<group>"; };
		3E64F41E28E838B000D67255 /* RandomPictureCoordinator.swift */ = {isa = PBXFileReference; lastKnownFileType = sourcecode.swift; path = RandomPictureCoordinator.swift; sourceTree = "<group>"; };
		3EBB21F928AD0233008334EE /* GoodRestaurantApp.app */ = {isa = PBXFileReference; explicitFileType = wrapper.application; includeInIndex = 0; path = GoodRestaurantApp.app; sourceTree = BUILT_PRODUCTS_DIR; };
		3EBB21FC28AD0234008334EE /* AppDelegate.swift */ = {isa = PBXFileReference; lastKnownFileType = sourcecode.swift; path = AppDelegate.swift; sourceTree = "<group>"; };
		3EBB21FE28AD0234008334EE /* SceneDelegate.swift */ = {isa = PBXFileReference; lastKnownFileType = sourcecode.swift; path = SceneDelegate.swift; sourceTree = "<group>"; };
		3EBB220028AD0234008334EE /* MainVC.swift */ = {isa = PBXFileReference; lastKnownFileType = sourcecode.swift; path = MainVC.swift; sourceTree = "<group>"; };
		3EBB220628AD0234008334EE /* GoodRestaurantApp.xcdatamodel */ = {isa = PBXFileReference; lastKnownFileType = wrapper.xcdatamodel; path = GoodRestaurantApp.xcdatamodel; sourceTree = "<group>"; };
		3EBB220828AD0235008334EE /* Assets.xcassets */ = {isa = PBXFileReference; lastKnownFileType = folder.assetcatalog; path = Assets.xcassets; sourceTree = "<group>"; };
		3EBB220B28AD0235008334EE /* Base */ = {isa = PBXFileReference; lastKnownFileType = file.storyboard; name = Base; path = Base.lproj/LaunchScreen.storyboard; sourceTree = "<group>"; };
		3EBB220D28AD0235008334EE /* Info.plist */ = {isa = PBXFileReference; lastKnownFileType = text.plist.xml; path = Info.plist; sourceTree = "<group>"; };
		3EBB221228AD0235008334EE /* GoodRestaurantAppTests.xctest */ = {isa = PBXFileReference; explicitFileType = wrapper.cfbundle; includeInIndex = 0; path = GoodRestaurantAppTests.xctest; sourceTree = BUILT_PRODUCTS_DIR; };
		3EBB221628AD0235008334EE /* GoodRestaurantAppTests.swift */ = {isa = PBXFileReference; lastKnownFileType = sourcecode.swift; path = GoodRestaurantAppTests.swift; sourceTree = "<group>"; };
		3EBB221C28AD0235008334EE /* GoodRestaurantAppUITests.xctest */ = {isa = PBXFileReference; explicitFileType = wrapper.cfbundle; includeInIndex = 0; path = GoodRestaurantAppUITests.xctest; sourceTree = BUILT_PRODUCTS_DIR; };
		3EBB222028AD0235008334EE /* GoodRestaurantAppUITests.swift */ = {isa = PBXFileReference; lastKnownFileType = sourcecode.swift; path = GoodRestaurantAppUITests.swift; sourceTree = "<group>"; };
		3EBB222228AD0235008334EE /* GoodRestaurantAppUITestsLaunchTests.swift */ = {isa = PBXFileReference; lastKnownFileType = sourcecode.swift; path = GoodRestaurantAppUITestsLaunchTests.swift; sourceTree = "<group>"; };
		3EBE65AE28AD0D7700981C91 /* CoordinatorProtocol.swift */ = {isa = PBXFileReference; lastKnownFileType = sourcecode.swift; path = CoordinatorProtocol.swift; sourceTree = "<group>"; };
		6DD8401B1F717C8ADF4FE151 /* Pods_GoodRestaurantApp_GoodRestaurantAppUITests.framework */ = {isa = PBXFileReference; explicitFileType = wrapper.framework; includeInIndex = 0; path = Pods_GoodRestaurantApp_GoodRestaurantAppUITests.framework; sourceTree = BUILT_PRODUCTS_DIR; };
		73D50755C3F4A6067B58F76E /* Pods-GoodRestaurantApp.release.xcconfig */ = {isa = PBXFileReference; includeInIndex = 1; lastKnownFileType = text.xcconfig; name = "Pods-GoodRestaurantApp.release.xcconfig"; path = "Target Support Files/Pods-GoodRestaurantApp/Pods-GoodRestaurantApp.release.xcconfig"; sourceTree = "<group>"; };
		74D8557C3E18E861BACE427A /* Pods-GoodRestaurantApp.debug.xcconfig */ = {isa = PBXFileReference; includeInIndex = 1; lastKnownFileType = text.xcconfig; name = "Pods-GoodRestaurantApp.debug.xcconfig"; path = "Target Support Files/Pods-GoodRestaurantApp/Pods-GoodRestaurantApp.debug.xcconfig"; sourceTree = "<group>"; };
		792F3572EAE32F8CC22E510C /* Pods_GoodRestaurantAppTests.framework */ = {isa = PBXFileReference; explicitFileType = wrapper.framework; includeInIndex = 0; path = Pods_GoodRestaurantAppTests.framework; sourceTree = BUILT_PRODUCTS_DIR; };
		79F99E3809C8CCAA31CFABA6 /* Pods-GoodRestaurantAppTests.debug.xcconfig */ = {isa = PBXFileReference; includeInIndex = 1; lastKnownFileType = text.xcconfig; name = "Pods-GoodRestaurantAppTests.debug.xcconfig"; path = "Target Support Files/Pods-GoodRestaurantAppTests/Pods-GoodRestaurantAppTests.debug.xcconfig"; sourceTree = "<group>"; };
		94B6E2AD9E110707777B3724 /* Pods-GoodRestaurantAppTests.release.xcconfig */ = {isa = PBXFileReference; includeInIndex = 1; lastKnownFileType = text.xcconfig; name = "Pods-GoodRestaurantAppTests.release.xcconfig"; path = "Target Support Files/Pods-GoodRestaurantAppTests/Pods-GoodRestaurantAppTests.release.xcconfig"; sourceTree = "<group>"; };
		FA6AFEAEB4ECD4B2E60C7669 /* Pods-GoodRestaurantApp-GoodRestaurantAppUITests.release.xcconfig */ = {isa = PBXFileReference; includeInIndex = 1; lastKnownFileType = text.xcconfig; name = "Pods-GoodRestaurantApp-GoodRestaurantAppUITests.release.xcconfig"; path = "Target Support Files/Pods-GoodRestaurantApp-GoodRestaurantAppUITests/Pods-GoodRestaurantApp-GoodRestaurantAppUITests.release.xcconfig"; sourceTree = "<group>"; };
		FB2BE14F5BC00BAF0D2F4DA9 /* Pods-GoodRestaurantApp-GoodRestaurantAppUITests.debug.xcconfig */ = {isa = PBXFileReference; includeInIndex = 1; lastKnownFileType = text.xcconfig; name = "Pods-GoodRestaurantApp-GoodRestaurantAppUITests.debug.xcconfig"; path = "Target Support Files/Pods-GoodRestaurantApp-GoodRestaurantAppUITests/Pods-GoodRestaurantApp-GoodRestaurantAppUITests.debug.xcconfig"; sourceTree = "<group>"; };
/* End PBXFileReference section */

/* Begin PBXFrameworksBuildPhase section */
		3EBB21F628AD0233008334EE /* Frameworks */ = {
			isa = PBXFrameworksBuildPhase;
			buildActionMask = 2147483647;
			files = (
				0080A1B6F7435A7CC56F36D4 /* Pods_GoodRestaurantApp.framework in Frameworks */,
			);
			runOnlyForDeploymentPostprocessing = 0;
		};
		3EBB220F28AD0235008334EE /* Frameworks */ = {
			isa = PBXFrameworksBuildPhase;
			buildActionMask = 2147483647;
			files = (
				4F5B9B77BE1825A95EEA0CC2 /* Pods_GoodRestaurantAppTests.framework in Frameworks */,
			);
			runOnlyForDeploymentPostprocessing = 0;
		};
		3EBB221928AD0235008334EE /* Frameworks */ = {
			isa = PBXFrameworksBuildPhase;
			buildActionMask = 2147483647;
			files = (
				DFA93C79ACAD20D8D89D2606 /* Pods_GoodRestaurantApp_GoodRestaurantAppUITests.framework in Frameworks */,
			);
			runOnlyForDeploymentPostprocessing = 0;
		};
/* End PBXFrameworksBuildPhase section */

/* Begin PBXGroup section */
		2401782BA6DA451758A3B52F /* Frameworks */ = {
			isa = PBXGroup;
			children = (
				00FE0448F63AA3E660492E2D /* Pods_GoodRestaurantApp.framework */,
				6DD8401B1F717C8ADF4FE151 /* Pods_GoodRestaurantApp_GoodRestaurantAppUITests.framework */,
				792F3572EAE32F8CC22E510C /* Pods_GoodRestaurantAppTests.framework */,
			);
			name = Frameworks;
			sourceTree = "<group>";
		};
		3E3AD57D28B090A00010EACF /* Map */ = {
			isa = PBXGroup;
			children = (
				3E3AD57E28B090B40010EACF /* MapVC.swift */,
			);
			path = Map;
			sourceTree = "<group>";
		};
		3E3AD58228B09B510010EACF /* Extension */ = {
			isa = PBXGroup;
			children = (
				3E3AD58328B09B580010EACF /* UIViewController */,
			);
			path = Extension;
			sourceTree = "<group>";
		};
		3E3AD58328B09B580010EACF /* UIViewController */ = {
			isa = PBXGroup;
			children = (
				3E3AD58428B09B6B0010EACF /* UIViewController + Extension.swift */,
			);
			path = UIViewController;
			sourceTree = "<group>";
		};
		3E3AD58628B0A0380010EACF /* Protocol */ = {
			isa = PBXGroup;
			children = (
				3EBE65AE28AD0D7700981C91 /* CoordinatorProtocol.swift */,
			);
			path = Protocol;
			sourceTree = "<group>";
		};
		3E64F41428E8272800D67255 /* Base */ = {
			isa = PBXGroup;
			children = (
				3E64F41528E8273500D67255 /* TaskQueueScheduler.swift */,
				3E64F41728E827F200D67255 /* CoreInitTask.swift */,
				3E64F41928E8291700D67255 /* Task.swift */,
			);
			path = Base;
			sourceTree = "<group>";
		};
		3E64F41B28E8383500D67255 /* RandomPicture */ = {
			isa = PBXGroup;
			children = (
				3E64F41C28E8385D00D67255 /* RandomPictureVC.swift */,
			);
			path = RandomPicture;
			sourceTree = "<group>";
		};
		3EBB21F028AD0233008334EE = {
			isa = PBXGroup;
			children = (
				3EBB21FB28AD0234008334EE /* GoodRestaurantApp */,
				3EBB221528AD0235008334EE /* GoodRestaurantAppTests */,
				3EBB221F28AD0235008334EE /* GoodRestaurantAppUITests */,
				3EBB21FA28AD0233008334EE /* Products */,
				B6A1732F5EC6C1C2DB5416AF /* Pods */,
				2401782BA6DA451758A3B52F /* Frameworks */,
			);
			sourceTree = "<group>";
		};
		3EBB21FA28AD0233008334EE /* Products */ = {
			isa = PBXGroup;
			children = (
				3EBB21F928AD0233008334EE /* GoodRestaurantApp.app */,
				3EBB221228AD0235008334EE /* GoodRestaurantAppTests.xctest */,
				3EBB221C28AD0235008334EE /* GoodRestaurantAppUITests.xctest */,
			);
			name = Products;
			sourceTree = "<group>";
		};
		3EBB21FB28AD0234008334EE /* GoodRestaurantApp */ = {
			isa = PBXGroup;
			children = (
				3EBB223128AD09EA008334EE /* Config */,
				3EBB223028AD09AE008334EE /* Resources */,
				3EBB222F28AD09A0008334EE /* Sources */,
				3EBB21FC28AD0234008334EE /* AppDelegate.swift */,
				3EBB21FE28AD0234008334EE /* SceneDelegate.swift */,
			);
			path = GoodRestaurantApp;
			sourceTree = "<group>";
		};
		3EBB221528AD0235008334EE /* GoodRestaurantAppTests */ = {
			isa = PBXGroup;
			children = (
				3EBB221628AD0235008334EE /* GoodRestaurantAppTests.swift */,
			);
			path = GoodRestaurantAppTests;
			sourceTree = "<group>";
		};
		3EBB221F28AD0235008334EE /* GoodRestaurantAppUITests */ = {
			isa = PBXGroup;
			children = (
				3EBB222028AD0235008334EE /* GoodRestaurantAppUITests.swift */,
				3EBB222228AD0235008334EE /* GoodRestaurantAppUITestsLaunchTests.swift */,
			);
			path = GoodRestaurantAppUITests;
			sourceTree = "<group>";
		};
		3EBB222F28AD09A0008334EE /* Sources */ = {
			isa = PBXGroup;
			children = (
				3E64F41428E8272800D67255 /* Base */,
				3EBE65AC28AD0D4900981C91 /* PresentationLayer */,
				3EBE65AB28AD0D4100981C91 /* DomainLayer */,
				3EBE65AA28AD0D3700981C91 /* DataLayer */,
			);
			path = Sources;
			sourceTree = "<group>";
		};
		3EBB223028AD09AE008334EE /* Resources */ = {
			isa = PBXGroup;
			children = (
				3EBB220A28AD0235008334EE /* LaunchScreen.storyboard */,
				3EBB220828AD0235008334EE /* Assets.xcassets */,
			);
			path = Resources;
			sourceTree = "<group>";
		};
		3EBB223128AD09EA008334EE /* Config */ = {
			isa = PBXGroup;
			children = (
				3EBB220D28AD0235008334EE /* Info.plist */,
				3EBB220528AD0234008334EE /* GoodRestaurantApp.xcdatamodeld */,
			);
			path = Config;
			sourceTree = "<group>";
		};
		3EBB223228AD0A0D008334EE /* UI */ = {
			isa = PBXGroup;
			children = (
				3E64F41B28E8383500D67255 /* RandomPicture */,
				3E3AD57D28B090A00010EACF /* Map */,
				3EBB220028AD0234008334EE /* MainVC.swift */,
				3E3AD58728B131F30010EACF /* BackgroundVC.swift */,
			);
			path = UI;
			sourceTree = "<group>";
		};
		3EBE65AA28AD0D3700981C91 /* DataLayer */ = {
			isa = PBXGroup;
			children = (
			);
			path = DataLayer;
			sourceTree = "<group>";
		};
		3EBE65AB28AD0D4100981C91 /* DomainLayer */ = {
			isa = PBXGroup;
			children = (
			);
			path = DomainLayer;
			sourceTree = "<group>";
		};
		3EBE65AC28AD0D4900981C91 /* PresentationLayer */ = {
			isa = PBXGroup;
			children = (
				3E3AD58228B09B510010EACF /* Extension */,
				3EBE65AD28AD0D6200981C91 /* Coordinators */,
				3EBB223228AD0A0D008334EE /* UI */,
			);
			path = PresentationLayer;
			sourceTree = "<group>";
		};
		3EBE65AD28AD0D6200981C91 /* Coordinators */ = {
			isa = PBXGroup;
			children = (
				3E3AD58628B0A0380010EACF /* Protocol */,
				3E3AD58028B090F40010EACF /* MainCoordinator.swift */,
				3E3AD58928B136520010EACF /* MapCoordinator.swift */,
				3E64F41E28E838B000D67255 /* RandomPictureCoordinator.swift */,
			);
			path = Coordinators;
			sourceTree = "<group>";
		};
		B6A1732F5EC6C1C2DB5416AF /* Pods */ = {
			isa = PBXGroup;
			children = (
				74D8557C3E18E861BACE427A /* Pods-GoodRestaurantApp.debug.xcconfig */,
				73D50755C3F4A6067B58F76E /* Pods-GoodRestaurantApp.release.xcconfig */,
				FB2BE14F5BC00BAF0D2F4DA9 /* Pods-GoodRestaurantApp-GoodRestaurantAppUITests.debug.xcconfig */,
				FA6AFEAEB4ECD4B2E60C7669 /* Pods-GoodRestaurantApp-GoodRestaurantAppUITests.release.xcconfig */,
				79F99E3809C8CCAA31CFABA6 /* Pods-GoodRestaurantAppTests.debug.xcconfig */,
				94B6E2AD9E110707777B3724 /* Pods-GoodRestaurantAppTests.release.xcconfig */,
			);
			path = Pods;
			sourceTree = "<group>";
		};
/* End PBXGroup section */

/* Begin PBXNativeTarget section */
		3EBB21F828AD0233008334EE /* GoodRestaurantApp */ = {
			isa = PBXNativeTarget;
			buildConfigurationList = 3EBB222628AD0235008334EE /* Build configuration list for PBXNativeTarget "GoodRestaurantApp" */;
			buildPhases = (
				FA0BA729935A608468FC76A6 /* [CP] Check Pods Manifest.lock */,
				3EBB21F528AD0233008334EE /* Sources */,
				3EBB21F628AD0233008334EE /* Frameworks */,
				3EBB21F728AD0233008334EE /* Resources */,
				7976A29AB2E737BD50D4C0D1 /* [CP] Embed Pods Frameworks */,
			);
			buildRules = (
			);
			dependencies = (
			);
			name = GoodRestaurantApp;
			productName = GoodRestaurantApp;
			productReference = 3EBB21F928AD0233008334EE /* GoodRestaurantApp.app */;
			productType = "com.apple.product-type.application";
		};
		3EBB221128AD0235008334EE /* GoodRestaurantAppTests */ = {
			isa = PBXNativeTarget;
			buildConfigurationList = 3EBB222928AD0235008334EE /* Build configuration list for PBXNativeTarget "GoodRestaurantAppTests" */;
			buildPhases = (
				43AD2844BC4B56A1BD3A9EBF /* [CP] Check Pods Manifest.lock */,
				3EBB220E28AD0235008334EE /* Sources */,
				3EBB220F28AD0235008334EE /* Frameworks */,
				3EBB221028AD0235008334EE /* Resources */,
			);
			buildRules = (
			);
			dependencies = (
				3EBB221428AD0235008334EE /* PBXTargetDependency */,
			);
			name = GoodRestaurantAppTests;
			productName = GoodRestaurantAppTests;
			productReference = 3EBB221228AD0235008334EE /* GoodRestaurantAppTests.xctest */;
			productType = "com.apple.product-type.bundle.unit-test";
		};
		3EBB221B28AD0235008334EE /* GoodRestaurantAppUITests */ = {
			isa = PBXNativeTarget;
			buildConfigurationList = 3EBB222C28AD0235008334EE /* Build configuration list for PBXNativeTarget "GoodRestaurantAppUITests" */;
			buildPhases = (
				3765D763F25ABA0B91F6AFF5 /* [CP] Check Pods Manifest.lock */,
				3EBB221828AD0235008334EE /* Sources */,
				3EBB221928AD0235008334EE /* Frameworks */,
				3EBB221A28AD0235008334EE /* Resources */,
				6B9303FC6629E4FE86F02EE6 /* [CP] Embed Pods Frameworks */,
			);
			buildRules = (
			);
			dependencies = (
				3EBB221E28AD0235008334EE /* PBXTargetDependency */,
			);
			name = GoodRestaurantAppUITests;
			productName = GoodRestaurantAppUITests;
			productReference = 3EBB221C28AD0235008334EE /* GoodRestaurantAppUITests.xctest */;
			productType = "com.apple.product-type.bundle.ui-testing";
		};
/* End PBXNativeTarget section */

/* Begin PBXProject section */
		3EBB21F128AD0233008334EE /* Project object */ = {
			isa = PBXProject;
			attributes = {
				BuildIndependentTargetsInParallel = 1;
				LastSwiftUpdateCheck = 1340;
				LastUpgradeCheck = 1340;
				TargetAttributes = {
					3EBB21F828AD0233008334EE = {
						CreatedOnToolsVersion = 13.4.1;
					};
					3EBB221128AD0235008334EE = {
						CreatedOnToolsVersion = 13.4.1;
						TestTargetID = 3EBB21F828AD0233008334EE;
					};
					3EBB221B28AD0235008334EE = {
						CreatedOnToolsVersion = 13.4.1;
						TestTargetID = 3EBB21F828AD0233008334EE;
					};
				};
			};
			buildConfigurationList = 3EBB21F428AD0233008334EE /* Build configuration list for PBXProject "GoodRestaurantApp" */;
			compatibilityVersion = "Xcode 13.0";
			developmentRegion = en;
			hasScannedForEncodings = 0;
			knownRegions = (
				en,
				Base,
			);
			mainGroup = 3EBB21F028AD0233008334EE;
			productRefGroup = 3EBB21FA28AD0233008334EE /* Products */;
			projectDirPath = "";
			projectRoot = "";
			targets = (
				3EBB21F828AD0233008334EE /* GoodRestaurantApp */,
				3EBB221128AD0235008334EE /* GoodRestaurantAppTests */,
				3EBB221B28AD0235008334EE /* GoodRestaurantAppUITests */,
			);
		};
/* End PBXProject section */

/* Begin PBXResourcesBuildPhase section */
		3EBB21F728AD0233008334EE /* Resources */ = {
			isa = PBXResourcesBuildPhase;
			buildActionMask = 2147483647;
			files = (
				3EBB220C28AD0235008334EE /* LaunchScreen.storyboard in Resources */,
				3EBB220928AD0235008334EE /* Assets.xcassets in Resources */,
			);
			runOnlyForDeploymentPostprocessing = 0;
		};
		3EBB221028AD0235008334EE /* Resources */ = {
			isa = PBXResourcesBuildPhase;
			buildActionMask = 2147483647;
			files = (
			);
			runOnlyForDeploymentPostprocessing = 0;
		};
		3EBB221A28AD0235008334EE /* Resources */ = {
			isa = PBXResourcesBuildPhase;
			buildActionMask = 2147483647;
			files = (
			);
			runOnlyForDeploymentPostprocessing = 0;
		};
/* End PBXResourcesBuildPhase section */

/* Begin PBXShellScriptBuildPhase section */
		3765D763F25ABA0B91F6AFF5 /* [CP] Check Pods Manifest.lock */ = {
			isa = PBXShellScriptBuildPhase;
			buildActionMask = 2147483647;
			files = (
			);
			inputFileListPaths = (
			);
			inputPaths = (
				"${PODS_PODFILE_DIR_PATH}/Podfile.lock",
				"${PODS_ROOT}/Manifest.lock",
			);
			name = "[CP] Check Pods Manifest.lock";
			outputFileListPaths = (
			);
			outputPaths = (
				"$(DERIVED_FILE_DIR)/Pods-GoodRestaurantApp-GoodRestaurantAppUITests-checkManifestLockResult.txt",
			);
			runOnlyForDeploymentPostprocessing = 0;
			shellPath = /bin/sh;
			shellScript = "diff \"${PODS_PODFILE_DIR_PATH}/Podfile.lock\" \"${PODS_ROOT}/Manifest.lock\" > /dev/null\nif [ $? != 0 ] ; then\n    # print error to STDERR\n    echo \"error: The sandbox is not in sync with the Podfile.lock. Run 'pod install' or update your CocoaPods installation.\" >&2\n    exit 1\nfi\n# This output is used by Xcode 'outputs' to avoid re-running this script phase.\necho \"SUCCESS\" > \"${SCRIPT_OUTPUT_FILE_0}\"\n";
			showEnvVarsInLog = 0;
		};
		43AD2844BC4B56A1BD3A9EBF /* [CP] Check Pods Manifest.lock */ = {
			isa = PBXShellScriptBuildPhase;
			buildActionMask = 2147483647;
			files = (
			);
			inputFileListPaths = (
			);
			inputPaths = (
				"${PODS_PODFILE_DIR_PATH}/Podfile.lock",
				"${PODS_ROOT}/Manifest.lock",
			);
			name = "[CP] Check Pods Manifest.lock";
			outputFileListPaths = (
			);
			outputPaths = (
				"$(DERIVED_FILE_DIR)/Pods-GoodRestaurantAppTests-checkManifestLockResult.txt",
			);
			runOnlyForDeploymentPostprocessing = 0;
			shellPath = /bin/sh;
			shellScript = "diff \"${PODS_PODFILE_DIR_PATH}/Podfile.lock\" \"${PODS_ROOT}/Manifest.lock\" > /dev/null\nif [ $? != 0 ] ; then\n    # print error to STDERR\n    echo \"error: The sandbox is not in sync with the Podfile.lock. Run 'pod install' or update your CocoaPods installation.\" >&2\n    exit 1\nfi\n# This output is used by Xcode 'outputs' to avoid re-running this script phase.\necho \"SUCCESS\" > \"${SCRIPT_OUTPUT_FILE_0}\"\n";
			showEnvVarsInLog = 0;
		};
		6B9303FC6629E4FE86F02EE6 /* [CP] Embed Pods Frameworks */ = {
			isa = PBXShellScriptBuildPhase;
			buildActionMask = 2147483647;
			files = (
			);
			inputFileListPaths = (
				"${PODS_ROOT}/Target Support Files/Pods-GoodRestaurantApp-GoodRestaurantAppUITests/Pods-GoodRestaurantApp-GoodRestaurantAppUITests-frameworks-${CONFIGURATION}-input-files.xcfilelist",
			);
			name = "[CP] Embed Pods Frameworks";
			outputFileListPaths = (
				"${PODS_ROOT}/Target Support Files/Pods-GoodRestaurantApp-GoodRestaurantAppUITests/Pods-GoodRestaurantApp-GoodRestaurantAppUITests-frameworks-${CONFIGURATION}-output-files.xcfilelist",
			);
			runOnlyForDeploymentPostprocessing = 0;
			shellPath = /bin/sh;
			shellScript = "\"${PODS_ROOT}/Target Support Files/Pods-GoodRestaurantApp-GoodRestaurantAppUITests/Pods-GoodRestaurantApp-GoodRestaurantAppUITests-frameworks.sh\"\n";
			showEnvVarsInLog = 0;
		};
		7976A29AB2E737BD50D4C0D1 /* [CP] Embed Pods Frameworks */ = {
			isa = PBXShellScriptBuildPhase;
			buildActionMask = 2147483647;
			files = (
			);
			inputFileListPaths = (
				"${PODS_ROOT}/Target Support Files/Pods-GoodRestaurantApp/Pods-GoodRestaurantApp-frameworks-${CONFIGURATION}-input-files.xcfilelist",
			);
			name = "[CP] Embed Pods Frameworks";
			outputFileListPaths = (
				"${PODS_ROOT}/Target Support Files/Pods-GoodRestaurantApp/Pods-GoodRestaurantApp-frameworks-${CONFIGURATION}-output-files.xcfilelist",
			);
			runOnlyForDeploymentPostprocessing = 0;
			shellPath = /bin/sh;
			shellScript = "\"${PODS_ROOT}/Target Support Files/Pods-GoodRestaurantApp/Pods-GoodRestaurantApp-frameworks.sh\"\n";
			showEnvVarsInLog = 0;
		};
		FA0BA729935A608468FC76A6 /* [CP] Check Pods Manifest.lock */ = {
			isa = PBXShellScriptBuildPhase;
			buildActionMask = 2147483647;
			files = (
			);
			inputFileListPaths = (
			);
			inputPaths = (
				"${PODS_PODFILE_DIR_PATH}/Podfile.lock",
				"${PODS_ROOT}/Manifest.lock",
			);
			name = "[CP] Check Pods Manifest.lock";
			outputFileListPaths = (
			);
			outputPaths = (
				"$(DERIVED_FILE_DIR)/Pods-GoodRestaurantApp-checkManifestLockResult.txt",
			);
			runOnlyForDeploymentPostprocessing = 0;
			shellPath = /bin/sh;
			shellScript = "diff \"${PODS_PODFILE_DIR_PATH}/Podfile.lock\" \"${PODS_ROOT}/Manifest.lock\" > /dev/null\nif [ $? != 0 ] ; then\n    # print error to STDERR\n    echo \"error: The sandbox is not in sync with the Podfile.lock. Run 'pod install' or update your CocoaPods installation.\" >&2\n    exit 1\nfi\n# This output is used by Xcode 'outputs' to avoid re-running this script phase.\necho \"SUCCESS\" > \"${SCRIPT_OUTPUT_FILE_0}\"\n";
			showEnvVarsInLog = 0;
		};
/* End PBXShellScriptBuildPhase section */

/* Begin PBXSourcesBuildPhase section */
		3EBB21F528AD0233008334EE /* Sources */ = {
			isa = PBXSourcesBuildPhase;
			buildActionMask = 2147483647;
			files = (
				3EBB220128AD0234008334EE /* MainVC.swift in Sources */,
				3E64F41828E827F200D67255 /* CoreInitTask.swift in Sources */,
				3E3AD57F28B090B40010EACF /* MapVC.swift in Sources */,
				3E3AD58528B09B6B0010EACF /* UIViewController + Extension.swift in Sources */,
				3E64F41D28E8385D00D67255 /* RandomPictureVC.swift in Sources */,
				3E3AD58A28B136520010EACF /* MapCoordinator.swift in Sources */,
				3E3AD58128B090F40010EACF /* MainCoordinator.swift in Sources */,
				3EBB220728AD0234008334EE /* GoodRestaurantApp.xcdatamodeld in Sources */,
				3E64F41F28E838B000D67255 /* RandomPictureCoordinator.swift in Sources */,
				3EBE65AF28AD0D7700981C91 /* CoordinatorProtocol.swift in Sources */,
				3E64F41A28E8291700D67255 /* Task.swift in Sources */,
				3EBB21FD28AD0234008334EE /* AppDelegate.swift in Sources */,
				3E3AD58828B131F30010EACF /* BackgroundVC.swift in Sources */,
				3EBB21FF28AD0234008334EE /* SceneDelegate.swift in Sources */,
				3E64F41628E8273500D67255 /* TaskQueueScheduler.swift in Sources */,
			);
			runOnlyForDeploymentPostprocessing = 0;
		};
		3EBB220E28AD0235008334EE /* Sources */ = {
			isa = PBXSourcesBuildPhase;
			buildActionMask = 2147483647;
			files = (
				3EBB221728AD0235008334EE /* GoodRestaurantAppTests.swift in Sources */,
			);
			runOnlyForDeploymentPostprocessing = 0;
		};
		3EBB221828AD0235008334EE /* Sources */ = {
			isa = PBXSourcesBuildPhase;
			buildActionMask = 2147483647;
			files = (
				3EBB222328AD0235008334EE /* GoodRestaurantAppUITestsLaunchTests.swift in Sources */,
				3EBB222128AD0235008334EE /* GoodRestaurantAppUITests.swift in Sources */,
			);
			runOnlyForDeploymentPostprocessing = 0;
		};
/* End PBXSourcesBuildPhase section */

/* Begin PBXTargetDependency section */
		3EBB221428AD0235008334EE /* PBXTargetDependency */ = {
			isa = PBXTargetDependency;
			target = 3EBB21F828AD0233008334EE /* GoodRestaurantApp */;
			targetProxy = 3EBB221328AD0235008334EE /* PBXContainerItemProxy */;
		};
		3EBB221E28AD0235008334EE /* PBXTargetDependency */ = {
			isa = PBXTargetDependency;
			target = 3EBB21F828AD0233008334EE /* GoodRestaurantApp */;
			targetProxy = 3EBB221D28AD0235008334EE /* PBXContainerItemProxy */;
		};
/* End PBXTargetDependency section */

/* Begin PBXVariantGroup section */
		3EBB220A28AD0235008334EE /* LaunchScreen.storyboard */ = {
			isa = PBXVariantGroup;
			children = (
				3EBB220B28AD0235008334EE /* Base */,
			);
			name = LaunchScreen.storyboard;
			sourceTree = "<group>";
		};
/* End PBXVariantGroup section */

/* Begin XCBuildConfiguration section */
		3EBB222428AD0235008334EE /* Debug */ = {
			isa = XCBuildConfiguration;
			buildSettings = {
				ALWAYS_SEARCH_USER_PATHS = NO;
				CLANG_ANALYZER_NONNULL = YES;
				CLANG_ANALYZER_NUMBER_OBJECT_CONVERSION = YES_AGGRESSIVE;
				CLANG_CXX_LANGUAGE_STANDARD = "gnu++17";
				CLANG_ENABLE_MODULES = YES;
				CLANG_ENABLE_OBJC_ARC = YES;
				CLANG_ENABLE_OBJC_WEAK = YES;
				CLANG_WARN_BLOCK_CAPTURE_AUTORELEASING = YES;
				CLANG_WARN_BOOL_CONVERSION = YES;
				CLANG_WARN_COMMA = YES;
				CLANG_WARN_CONSTANT_CONVERSION = YES;
				CLANG_WARN_DEPRECATED_OBJC_IMPLEMENTATIONS = YES;
				CLANG_WARN_DIRECT_OBJC_ISA_USAGE = YES_ERROR;
				CLANG_WARN_DOCUMENTATION_COMMENTS = YES;
				CLANG_WARN_EMPTY_BODY = YES;
				CLANG_WARN_ENUM_CONVERSION = YES;
				CLANG_WARN_INFINITE_RECURSION = YES;
				CLANG_WARN_INT_CONVERSION = YES;
				CLANG_WARN_NON_LITERAL_NULL_CONVERSION = YES;
				CLANG_WARN_OBJC_IMPLICIT_RETAIN_SELF = YES;
				CLANG_WARN_OBJC_LITERAL_CONVERSION = YES;
				CLANG_WARN_OBJC_ROOT_CLASS = YES_ERROR;
				CLANG_WARN_QUOTED_INCLUDE_IN_FRAMEWORK_HEADER = YES;
				CLANG_WARN_RANGE_LOOP_ANALYSIS = YES;
				CLANG_WARN_STRICT_PROTOTYPES = YES;
				CLANG_WARN_SUSPICIOUS_MOVE = YES;
				CLANG_WARN_UNGUARDED_AVAILABILITY = YES_AGGRESSIVE;
				CLANG_WARN_UNREACHABLE_CODE = YES;
				CLANG_WARN__DUPLICATE_METHOD_MATCH = YES;
				COPY_PHASE_STRIP = NO;
				DEBUG_INFORMATION_FORMAT = dwarf;
				ENABLE_STRICT_OBJC_MSGSEND = YES;
				ENABLE_TESTABILITY = YES;
				GCC_C_LANGUAGE_STANDARD = gnu11;
				GCC_DYNAMIC_NO_PIC = NO;
				GCC_NO_COMMON_BLOCKS = YES;
				GCC_OPTIMIZATION_LEVEL = 0;
				GCC_PREPROCESSOR_DEFINITIONS = (
					"DEBUG=1",
					"$(inherited)",
				);
				GCC_WARN_64_TO_32_BIT_CONVERSION = YES;
				GCC_WARN_ABOUT_RETURN_TYPE = YES_ERROR;
				GCC_WARN_UNDECLARED_SELECTOR = YES;
				GCC_WARN_UNINITIALIZED_AUTOS = YES_AGGRESSIVE;
				GCC_WARN_UNUSED_FUNCTION = YES;
				GCC_WARN_UNUSED_VARIABLE = YES;
				IPHONEOS_DEPLOYMENT_TARGET = 15.5;
				MTL_ENABLE_DEBUG_INFO = INCLUDE_SOURCE;
				MTL_FAST_MATH = YES;
				ONLY_ACTIVE_ARCH = YES;
				SDKROOT = iphoneos;
				SWIFT_ACTIVE_COMPILATION_CONDITIONS = DEBUG;
				SWIFT_OPTIMIZATION_LEVEL = "-Onone";
			};
			name = Debug;
		};
		3EBB222528AD0235008334EE /* Release */ = {
			isa = XCBuildConfiguration;
			buildSettings = {
				ALWAYS_SEARCH_USER_PATHS = NO;
				CLANG_ANALYZER_NONNULL = YES;
				CLANG_ANALYZER_NUMBER_OBJECT_CONVERSION = YES_AGGRESSIVE;
				CLANG_CXX_LANGUAGE_STANDARD = "gnu++17";
				CLANG_ENABLE_MODULES = YES;
				CLANG_ENABLE_OBJC_ARC = YES;
				CLANG_ENABLE_OBJC_WEAK = YES;
				CLANG_WARN_BLOCK_CAPTURE_AUTORELEASING = YES;
				CLANG_WARN_BOOL_CONVERSION = YES;
				CLANG_WARN_COMMA = YES;
				CLANG_WARN_CONSTANT_CONVERSION = YES;
				CLANG_WARN_DEPRECATED_OBJC_IMPLEMENTATIONS = YES;
				CLANG_WARN_DIRECT_OBJC_ISA_USAGE = YES_ERROR;
				CLANG_WARN_DOCUMENTATION_COMMENTS = YES;
				CLANG_WARN_EMPTY_BODY = YES;
				CLANG_WARN_ENUM_CONVERSION = YES;
				CLANG_WARN_INFINITE_RECURSION = YES;
				CLANG_WARN_INT_CONVERSION = YES;
				CLANG_WARN_NON_LITERAL_NULL_CONVERSION = YES;
				CLANG_WARN_OBJC_IMPLICIT_RETAIN_SELF = YES;
				CLANG_WARN_OBJC_LITERAL_CONVERSION = YES;
				CLANG_WARN_OBJC_ROOT_CLASS = YES_ERROR;
				CLANG_WARN_QUOTED_INCLUDE_IN_FRAMEWORK_HEADER = YES;
				CLANG_WARN_RANGE_LOOP_ANALYSIS = YES;
				CLANG_WARN_STRICT_PROTOTYPES = YES;
				CLANG_WARN_SUSPICIOUS_MOVE = YES;
				CLANG_WARN_UNGUARDED_AVAILABILITY = YES_AGGRESSIVE;
				CLANG_WARN_UNREACHABLE_CODE = YES;
				CLANG_WARN__DUPLICATE_METHOD_MATCH = YES;
				COPY_PHASE_STRIP = NO;
				DEBUG_INFORMATION_FORMAT = "dwarf-with-dsym";
				ENABLE_NS_ASSERTIONS = NO;
				ENABLE_STRICT_OBJC_MSGSEND = YES;
				GCC_C_LANGUAGE_STANDARD = gnu11;
				GCC_NO_COMMON_BLOCKS = YES;
				GCC_WARN_64_TO_32_BIT_CONVERSION = YES;
				GCC_WARN_ABOUT_RETURN_TYPE = YES_ERROR;
				GCC_WARN_UNDECLARED_SELECTOR = YES;
				GCC_WARN_UNINITIALIZED_AUTOS = YES_AGGRESSIVE;
				GCC_WARN_UNUSED_FUNCTION = YES;
				GCC_WARN_UNUSED_VARIABLE = YES;
				IPHONEOS_DEPLOYMENT_TARGET = 15.5;
				MTL_ENABLE_DEBUG_INFO = NO;
				MTL_FAST_MATH = YES;
				SDKROOT = iphoneos;
				SWIFT_COMPILATION_MODE = wholemodule;
				SWIFT_OPTIMIZATION_LEVEL = "-O";
				VALIDATE_PRODUCT = YES;
			};
			name = Release;
		};
		3EBB222728AD0235008334EE /* Debug */ = {
			isa = XCBuildConfiguration;
			baseConfigurationReference = 74D8557C3E18E861BACE427A /* Pods-GoodRestaurantApp.debug.xcconfig */;
			buildSettings = {
				ASSETCATALOG_COMPILER_APPICON_NAME = AppIcon;
				ASSETCATALOG_COMPILER_GLOBAL_ACCENT_COLOR_NAME = AccentColor;
				CODE_SIGN_STYLE = Automatic;
				CURRENT_PROJECT_VERSION = 1;
				GENERATE_INFOPLIST_FILE = YES;
				INFOPLIST_FILE = GoodRestaurantApp/Config/Info.plist;
				INFOPLIST_KEY_UIApplicationSupportsIndirectInputEvents = YES;
				INFOPLIST_KEY_UILaunchStoryboardName = LaunchScreen;
				INFOPLIST_KEY_UISupportedInterfaceOrientations_iPad = "UIInterfaceOrientationPortrait UIInterfaceOrientationPortraitUpsideDown UIInterfaceOrientationLandscapeLeft UIInterfaceOrientationLandscapeRight";
				INFOPLIST_KEY_UISupportedInterfaceOrientations_iPhone = "UIInterfaceOrientationPortrait UIInterfaceOrientationLandscapeLeft UIInterfaceOrientationLandscapeRight";
				LD_RUNPATH_SEARCH_PATHS = (
					"$(inherited)",
					"@executable_path/Frameworks",
				);
				MARKETING_VERSION = 1.0;
				PRODUCT_BUNDLE_IDENTIFIER = com.asher.GoodRestaurantApp;
				PRODUCT_NAME = "$(TARGET_NAME)";
				SWIFT_EMIT_LOC_STRINGS = YES;
				SWIFT_VERSION = 5.0;
				TARGETED_DEVICE_FAMILY = "1,2";
			};
			name = Debug;
		};
		3EBB222828AD0235008334EE /* Release */ = {
			isa = XCBuildConfiguration;
			baseConfigurationReference = 73D50755C3F4A6067B58F76E /* Pods-GoodRestaurantApp.release.xcconfig */;
			buildSettings = {
				ASSETCATALOG_COMPILER_APPICON_NAME = AppIcon;
				ASSETCATALOG_COMPILER_GLOBAL_ACCENT_COLOR_NAME = AccentColor;
				CODE_SIGN_STYLE = Automatic;
				CURRENT_PROJECT_VERSION = 1;
				GENERATE_INFOPLIST_FILE = YES;
				INFOPLIST_FILE = GoodRestaurantApp/Config/Info.plist;
				INFOPLIST_KEY_UIApplicationSupportsIndirectInputEvents = YES;
				INFOPLIST_KEY_UILaunchStoryboardName = LaunchScreen;
				INFOPLIST_KEY_UISupportedInterfaceOrientations_iPad = "UIInterfaceOrientationPortrait UIInterfaceOrientationPortraitUpsideDown UIInterfaceOrientationLandscapeLeft UIInterfaceOrientationLandscapeRight";
				INFOPLIST_KEY_UISupportedInterfaceOrientations_iPhone = "UIInterfaceOrientationPortrait UIInterfaceOrientationLandscapeLeft UIInterfaceOrientationLandscapeRight";
				LD_RUNPATH_SEARCH_PATHS = (
					"$(inherited)",
					"@executable_path/Frameworks",
				);
				MARKETING_VERSION = 1.0;
				PRODUCT_BUNDLE_IDENTIFIER = com.asher.GoodRestaurantApp;
				PRODUCT_NAME = "$(TARGET_NAME)";
				SWIFT_EMIT_LOC_STRINGS = YES;
				SWIFT_VERSION = 5.0;
				TARGETED_DEVICE_FAMILY = "1,2";
			};
			name = Release;
		};
		3EBB222A28AD0235008334EE /* Debug */ = {
			isa = XCBuildConfiguration;
			baseConfigurationReference = 79F99E3809C8CCAA31CFABA6 /* Pods-GoodRestaurantAppTests.debug.xcconfig */;
			buildSettings = {
				ALWAYS_EMBED_SWIFT_STANDARD_LIBRARIES = YES;
				BUNDLE_LOADER = "$(TEST_HOST)";
				CODE_SIGN_STYLE = Automatic;
				CURRENT_PROJECT_VERSION = 1;
				GENERATE_INFOPLIST_FILE = YES;
				IPHONEOS_DEPLOYMENT_TARGET = 15.5;
				MARKETING_VERSION = 1.0;
				PRODUCT_BUNDLE_IDENTIFIER = com.asher.GoodRestaurantAppTests;
				PRODUCT_NAME = "$(TARGET_NAME)";
				SWIFT_EMIT_LOC_STRINGS = NO;
				SWIFT_VERSION = 5.0;
				TARGETED_DEVICE_FAMILY = "1,2";
				TEST_HOST = "$(BUILT_PRODUCTS_DIR)/GoodRestaurantApp.app/GoodRestaurantApp";
			};
			name = Debug;
		};
		3EBB222B28AD0235008334EE /* Release */ = {
			isa = XCBuildConfiguration;
			baseConfigurationReference = 94B6E2AD9E110707777B3724 /* Pods-GoodRestaurantAppTests.release.xcconfig */;
			buildSettings = {
				ALWAYS_EMBED_SWIFT_STANDARD_LIBRARIES = YES;
				BUNDLE_LOADER = "$(TEST_HOST)";
				CODE_SIGN_STYLE = Automatic;
				CURRENT_PROJECT_VERSION = 1;
				GENERATE_INFOPLIST_FILE = YES;
				IPHONEOS_DEPLOYMENT_TARGET = 15.5;
				MARKETING_VERSION = 1.0;
				PRODUCT_BUNDLE_IDENTIFIER = com.asher.GoodRestaurantAppTests;
				PRODUCT_NAME = "$(TARGET_NAME)";
				SWIFT_EMIT_LOC_STRINGS = NO;
				SWIFT_VERSION = 5.0;
				TARGETED_DEVICE_FAMILY = "1,2";
				TEST_HOST = "$(BUILT_PRODUCTS_DIR)/GoodRestaurantApp.app/GoodRestaurantApp";
			};
			name = Release;
		};
		3EBB222D28AD0235008334EE /* Debug */ = {
			isa = XCBuildConfiguration;
			baseConfigurationReference = FB2BE14F5BC00BAF0D2F4DA9 /* Pods-GoodRestaurantApp-GoodRestaurantAppUITests.debug.xcconfig */;
			buildSettings = {
				ALWAYS_EMBED_SWIFT_STANDARD_LIBRARIES = YES;
				CODE_SIGN_STYLE = Automatic;
				CURRENT_PROJECT_VERSION = 1;
				GENERATE_INFOPLIST_FILE = YES;
				MARKETING_VERSION = 1.0;
				PRODUCT_BUNDLE_IDENTIFIER = com.asher.GoodRestaurantAppUITests;
				PRODUCT_NAME = "$(TARGET_NAME)";
				SWIFT_EMIT_LOC_STRINGS = NO;
				SWIFT_VERSION = 5.0;
				TARGETED_DEVICE_FAMILY = "1,2";
				TEST_TARGET_NAME = GoodRestaurantApp;
			};
			name = Debug;
		};
		3EBB222E28AD0235008334EE /* Release */ = {
			isa = XCBuildConfiguration;
			baseConfigurationReference = FA6AFEAEB4ECD4B2E60C7669 /* Pods-GoodRestaurantApp-GoodRestaurantAppUITests.release.xcconfig */;
			buildSettings = {
				ALWAYS_EMBED_SWIFT_STANDARD_LIBRARIES = YES;
				CODE_SIGN_STYLE = Automatic;
				CURRENT_PROJECT_VERSION = 1;
				GENERATE_INFOPLIST_FILE = YES;
				MARKETING_VERSION = 1.0;
				PRODUCT_BUNDLE_IDENTIFIER = com.asher.GoodRestaurantAppUITests;
				PRODUCT_NAME = "$(TARGET_NAME)";
				SWIFT_EMIT_LOC_STRINGS = NO;
				SWIFT_VERSION = 5.0;
				TARGETED_DEVICE_FAMILY = "1,2";
				TEST_TARGET_NAME = GoodRestaurantApp;
			};
			name = Release;
		};
/* End XCBuildConfiguration section */

/* Begin XCConfigurationList section */
		3EBB21F428AD0233008334EE /* Build configuration list for PBXProject "GoodRestaurantApp" */ = {
			isa = XCConfigurationList;
			buildConfigurations = (
				3EBB222428AD0235008334EE /* Debug */,
				3EBB222528AD0235008334EE /* Release */,
			);
			defaultConfigurationIsVisible = 0;
			defaultConfigurationName = Release;
		};
		3EBB222628AD0235008334EE /* Build configuration list for PBXNativeTarget "GoodRestaurantApp" */ = {
			isa = XCConfigurationList;
			buildConfigurations = (
				3EBB222728AD0235008334EE /* Debug */,
				3EBB222828AD0235008334EE /* Release */,
			);
			defaultConfigurationIsVisible = 0;
			defaultConfigurationName = Release;
		};
		3EBB222928AD0235008334EE /* Build configuration list for PBXNativeTarget "GoodRestaurantAppTests" */ = {
			isa = XCConfigurationList;
			buildConfigurations = (
				3EBB222A28AD0235008334EE /* Debug */,
				3EBB222B28AD0235008334EE /* Release */,
			);
			defaultConfigurationIsVisible = 0;
			defaultConfigurationName = Release;
		};
		3EBB222C28AD0235008334EE /* Build configuration list for PBXNativeTarget "GoodRestaurantAppUITests" */ = {
			isa = XCConfigurationList;
			buildConfigurations = (
				3EBB222D28AD0235008334EE /* Debug */,
				3EBB222E28AD0235008334EE /* Release */,
			);
			defaultConfigurationIsVisible = 0;
			defaultConfigurationName = Release;
		};
/* End XCConfigurationList section */

/* Begin XCVersionGroup section */
		3EBB220528AD0234008334EE /* GoodRestaurantApp.xcdatamodeld */ = {
			isa = XCVersionGroup;
			children = (
				3EBB220628AD0234008334EE /* GoodRestaurantApp.xcdatamodel */,
			);
			currentVersion = 3EBB220628AD0234008334EE /* GoodRestaurantApp.xcdatamodel */;
			path = GoodRestaurantApp.xcdatamodeld;
			sourceTree = "<group>";
			versionGroupType = wrapper.xcdatamodel;
		};
/* End XCVersionGroup section */
	};
	rootObject = 3EBB21F128AD0233008334EE /* Project object */;
}
